
Microsoft Visual Studio Solution File, Format Version 12.00
# 
Project("{FAE04EC0-301F-11D3-BF4B-00C04F79EFBC}") = "dotnet-rpg-app", "dotnet-rpg-app\dotnet-rpg-app.csproj", "{C3C19744-B57C-4D11-B13C-E6CB7E5AF548}"
EndProject
Global
	GlobalSection(SolutionConfigurationPlatforms) = preSolution
		Debug|Any CPU = Debug|Any CPU
		Release|Any CPU = Release|Any CPU
	EndGlobalSection
	GlobalSection(ProjectConfigurationPlatforms) = postSolution
		{C3C19744-B57C-4D11-B13C-E6CB7E5AF548}.Debug|Any CPU.ActiveCfg = Debug|Any CPU
		{C3C19744-B57C-4D11-B13C-E6CB7E5AF548}.Debug|Any CPU.Build.0 = Debug|Any CPU
		{C3C19744-B57C-4D11-B13C-E6CB7E5AF548}.Release|Any CPU.ActiveCfg = Release|Any CPU
		{C3C19744-B57C-4D11-B13C-E6CB7E5AF548}.Release|Any CPU.Build.0 = Release|Any CPU
	EndGlobalSection
EndGlobal
